
Microsoft Visual Studio Solution File, Format Version 12.00
# Visual Studio 15
Project("{FAE04EC0-301F-11D3-BF4B-00C04F79EFBC}") = "Assembly-CSharp", "Assembly-CSharp.csproj", "{EBE407FB-F501-69C9-5202-B10C16B6D189}"
EndProject
Global
	GlobalSection(SolutionConfigurationPlatforms) = preSolution
		Debug|Any CPU = Debug|Any CPU
		Release|Any CPU = Release|Any CPU
	EndGlobalSection
	GlobalSection(ProjectConfigurationPlatforms) = postSolution
		{EBE407FB-F501-69C9-5202-B10C16B6D189}.Debug|Any CPU.ActiveCfg = Debug|Any CPU
		{EBE407FB-F501-69C9-5202-B10C16B6D189}.Debug|Any CPU.Build.0 = Debug|Any CPU
		{EBE407FB-F501-69C9-5202-B10C16B6D189}.Release|Any CPU.ActiveCfg = Release|Any CPU
		{EBE407FB-F501-69C9-5202-B10C16B6D189}.Release|Any CPU.Build.0 = Release|Any CPU
	EndGlobalSection
	GlobalSection(SolutionProperties) = preSolution
		HideSolutionNode = FALSE
	EndGlobalSection
EndGlobal
